// !$*UTF8*$!
{
	archiveVersion = 1;
	classes = {
	};
	objectVersion = 50;
	objects = {

/* Begin PBXBuildFile section */
		7C8462E52615E9F900B38415 /* AppDelegate.swift in Sources */ = {isa = PBXBuildFile; fileRef = 7C8462E42615E9F900B38415 /* AppDelegate.swift */; };
		7C8462E72615E9F900B38415 /* SceneDelegate.swift in Sources */ = {isa = PBXBuildFile; fileRef = 7C8462E62615E9F900B38415 /* SceneDelegate.swift */; };
		7C8462E92615E9F900B38415 /* ViewController.swift in Sources */ = {isa = PBXBuildFile; fileRef = 7C8462E82615E9F900B38415 /* ViewController.swift */; };
		7C8462EC2615E9F900B38415 /* Main.storyboard in Resources */ = {isa = PBXBuildFile; fileRef = 7C8462EA2615E9F900B38415 /* Main.storyboard */; };
		7C8462EE2615EA0000B38415 /* Assets.xcassets in Resources */ = {isa = PBXBuildFile; fileRef = 7C8462ED2615EA0000B38415 /* Assets.xcassets */; };
		7C8462F12615EA0000B38415 /* LaunchScreen.storyboard in Resources */ = {isa = PBXBuildFile; fileRef = 7C8462EF2615EA0000B38415 /* LaunchScreen.storyboard */; };
		7C8462FA2615EA0600B38415 /* CryptoTableViewCell.swift in Sources */ = {isa = PBXBuildFile; fileRef = 7C8462F92615EA0600B38415 /* CryptoTableViewCell.swift */; };
		7C8463012615EA0600B38415 /* CryptoCurrency.swift in Sources */ = {isa = PBXBuildFile; fileRef = 7C8463002615EA0600B38415 /* CryptoCurrency.swift */; };
		7C8463052615EA0600B38415 /* WebService.swift in Sources */ = {isa = PBXBuildFile; fileRef = 7C8463042615EA0600B38415 /* WebService.swift */; };
		7C90A72A2615DAAD00914182 /* CryptoViewModel.swift in Sources */ = {isa = PBXBuildFile; fileRef = 7C90A7292615DAAD00914182 /* CryptoViewModel.swift */; };
/* End PBXBuildFile section */

/* Begin PBXFileReference section */
		7C8462E12615E9F900B38415 /* CryptoMinance.app */ = {isa = PBXFileReference; explicitFileType = wrapper.application; includeInIndex = 0; path = CryptoMinance.app; sourceTree = BUILT_PRODUCTS_DIR; };
		7C8462E42615E9F900B38415 /* AppDelegate.swift */ = {isa = PBXFileReference; lastKnownFileType = sourcecode.swift; path = AppDelegate.swift; sourceTree = "<group>"; };
		7C8462E62615E9F900B38415 /* SceneDelegate.swift */ = {isa = PBXFileReference; lastKnownFileType = sourcecode.swift; path = SceneDelegate.swift; sourceTree = "<group>"; };
		7C8462E82615E9F900B38415 /* ViewController.swift */ = {isa = PBXFileReference; lastKnownFileType = sourcecode.swift; path = ViewController.swift; sourceTree = "<group>"; };
		7C8462EB2615E9F900B38415 /* Base */ = {isa = PBXFileReference; lastKnownFileType = file.storyboard; name = Base; path = Base.lproj/Main.storyboard; sourceTree = "<group>"; };
		7C8462ED2615EA0000B38415 /* Assets.xcassets */ = {isa = PBXFileReference; lastKnownFileType = folder.assetcatalog; path = Assets.xcassets; sourceTree = "<group>"; };
		7C8462F02615EA0000B38415 /* Base */ = {isa = PBXFileReference; lastKnownFileType = file.storyboard; name = Base; path = Base.lproj/LaunchScreen.storyboard; sourceTree = "<group>"; };
		7C8462F22615EA0000B38415 /* Info.plist */ = {isa = PBXFileReference; lastKnownFileType = text.plist.xml; path = Info.plist; sourceTree = "<group>"; };
		7C8462F92615EA0600B38415 /* CryptoTableViewCell.swift */ = {isa = PBXFileReference; lastKnownFileType = sourcecode.swift; path = CryptoTableViewCell.swift; sourceTree = "<group>"; };
		7C8463002615EA0600B38415 /* CryptoCurrency.swift */ = {isa = PBXFileReference; lastKnownFileType = sourcecode.swift; path = CryptoCurrency.swift; sourceTree = "<group>"; };
		7C8463042615EA0600B38415 /* WebService.swift */ = {isa = PBXFileReference; lastKnownFileType = sourcecode.swift; path = WebService.swift; sourceTree = "<group>"; };
		7C90A7292615DAAD00914182 /* CryptoViewModel.swift */ = {isa = PBXFileReference; lastKnownFileType = sourcecode.swift; path = CryptoViewModel.swift; sourceTree = "<group>"; };
/* End PBXFileReference section */

/* Begin PBXFrameworksBuildPhase section */
		7C8462DE2615E9F900B38415 /* Frameworks */ = {
			isa = PBXFrameworksBuildPhase;
			buildActionMask = 2147483647;
			files = (
			);
			runOnlyForDeploymentPostprocessing = 0;
		};
/* End PBXFrameworksBuildPhase section */

/* Begin PBXGroup section */
		7C8462D82615E9F900B38415 = {
			isa = PBXGroup;
			children = (
				7C8462E32615E9F900B38415 /* CryptoMinance */,
				7C8462E22615E9F900B38415 /* Products */,
			);
			sourceTree = "<group>";
		};
		7C8462E22615E9F900B38415 /* Products */ = {
			isa = PBXGroup;
			children = (
				7C8462E12615E9F900B38415 /* CryptoMinance.app */,
			);
			name = Products;
			sourceTree = "<group>";
		};
		7C8462E32615E9F900B38415 /* CryptoMinance */ = {
			isa = PBXGroup;
			children = (
				7C8462FF2615EA0600B38415 /* ViewModel */,
				7C8462FE2615EA0600B38415 /* Model */,
				7C8462FD2615EA0600B38415 /* Service */,
				7C8462FC2615EA0600B38415 /* View */,
				7C8462ED2615EA0000B38415 /* Assets.xcassets */,
				7C8462EA2615E9F900B38415 /* Main.storyboard */,
				7C8462EF2615EA0000B38415 /* LaunchScreen.storyboard */,
				7C8462F22615EA0000B38415 /* Info.plist */,
			);
			path = CryptoMinance;
			sourceTree = "<group>";
		};
		7C8462FC2615EA0600B38415 /* View */ = {
			isa = PBXGroup;
			children = (
				7C8462F92615EA0600B38415 /* CryptoTableViewCell.swift */,
				7C8462E62615E9F900B38415 /* SceneDelegate.swift */,
				7C8462E42615E9F900B38415 /* AppDelegate.swift */,
				7C8462E82615E9F900B38415 /* ViewController.swift */,
			);
			path = View;
			sourceTree = "<group>";
		};
		7C8462FD2615EA0600B38415 /* Service */ = {
			isa = PBXGroup;
			children = (
				7C8463042615EA0600B38415 /* WebService.swift */,
			);
			path = Service;
			sourceTree = "<group>";
		};
		7C8462FE2615EA0600B38415 /* Model */ = {
			isa = PBXGroup;
			children = (
				7C8463002615EA0600B38415 /* CryptoCurrency.swift */,
			);
			path = Model;
			sourceTree = "<group>";
		};
		7C8462FF2615EA0600B38415 /* ViewModel */ = {
			isa = PBXGroup;
			children = (
				7C90A7292615DAAD00914182 /* CryptoViewModel.swift */,
			);
			path = ViewModel;
			sourceTree = "<group>";
		};
/* End PBXGroup section */

/* Begin PBXNativeTarget section */
		7C8462E02615E9F900B38415 /* CryptoMinance */ = {
			isa = PBXNativeTarget;
			buildConfigurationList = 7C8462F52615EA0000B38415 /* Build configuration list for PBXNativeTarget "CryptoMinance" */;
			buildPhases = (
				7C8462DD2615E9F900B38415 /* Sources */,
				7C8462DE2615E9F900B38415 /* Frameworks */,
				7C8462DF2615E9F900B38415 /* Resources */,
			);
			buildRules = (
			);
			dependencies = (
			);
			name = CryptoMinance;
			productName = CryptoMinance;
			productReference = 7C8462E12615E9F900B38415 /* CryptoMinance.app */;
			productType = "com.apple.product-type.application";
		};
/* End PBXNativeTarget section */

/* Begin PBXProject section */
		7C8462D92615E9F900B38415 /* Project object */ = {
			isa = PBXProject;
			attributes = {
				LastSwiftUpdateCheck = 1240;
				LastUpgradeCheck = 1240;
				TargetAttributes = {
					7C8462E02615E9F900B38415 = {
						CreatedOnToolsVersion = 12.4;
					};
				};
			};
			buildConfigurationList = 7C8462DC2615E9F900B38415 /* Build configuration list for PBXProject "CryptoMinance" */;
			compatibilityVersion = "Xcode 9.3";
			developmentRegion = en;
			hasScannedForEncodings = 0;
			knownRegions = (
				en,
				Base,
			);
			mainGroup = 7C8462D82615E9F900B38415;
			productRefGroup = 7C8462E22615E9F900B38415 /* Products */;
			projectDirPath = "";
			projectRoot = "";
			targets = (
				7C8462E02615E9F900B38415 /* CryptoMinance */,
			);
		};
/* End PBXProject section */

/* Begin PBXResourcesBuildPhase section */
		7C8462DF2615E9F900B38415 /* Resources */ = {
			isa = PBXResourcesBuildPhase;
			buildActionMask = 2147483647;
			files = (
				7C8462F12615EA0000B38415 /* LaunchScreen.storyboard in Resources */,
				7C8462EE2615EA0000B38415 /* Assets.xcassets in Resources */,
				7C8462EC2615E9F900B38415 /* Main.storyboard in Resources */,
			);
			runOnlyForDeploymentPostprocessing = 0;
		};
/* End PBXResourcesBuildPhase section */

/* Begin PBXSourcesBuildPhase section */
		7C8462DD2615E9F900B38415 /* Sources */ = {
			isa = PBXSourcesBuildPhase;
			buildActionMask = 2147483647;
			files = (
				7C8463052615EA0600B38415 /* WebService.swift in Sources */,
				7C8462FA2615EA0600B38415 /* CryptoTableViewCell.swift in Sources */,
				7C8462E92615E9F900B38415 /* ViewController.swift in Sources */,
				7C90A72A2615DAAD00914182 /* CryptoViewModel.swift in Sources */,
				7C8462E52615E9F900B38415 /* AppDelegate.swift in Sources */,
				7C8463012615EA0600B38415 /* CryptoCurrency.swift in Sources */,
				7C8462E72615E9F900B38415 /* SceneDelegate.swift in Sources */,
			);
			runOnlyForDeploymentPostprocessing = 0;
		};
/* End PBXSourcesBuildPhase section */

/* Begin PBXVariantGroup section */
		7C8462EA2615E9F900B38415 /* Main.storyboard */ = {
			isa = PBXVariantGroup;
			children = (
				7C8462EB2615E9F900B38415 /* Base */,
			);
			name = Main.storyboard;
			sourceTree = "<group>";
		};
		7C8462EF2615EA0000B38415 /* LaunchScreen.storyboard */ = {
			isa = PBXVariantGroup;
			children = (
				7C8462F02615EA0000B38415 /* Base */,
			);
			name = LaunchScreen.storyboard;
			sourceTree = "<group>";
		};
/* End PBXVariantGroup section */

/* Begin XCBuildConfiguration section */
		7C8462F32615EA0000B38415 /* Debug */ = {
			isa = XCBuildConfiguration;
			buildSettings = {
				ALWAYS_SEARCH_USER_PATHS = NO;
				CLANG_ANALYZER_NONNULL = YES;
				CLANG_ANALYZER_NUMBER_OBJECT_CONVERSION = YES_AGGRESSIVE;
				CLANG_CXX_LANGUAGE_STANDARD = "gnu++14";
				CLANG_CXX_LIBRARY = "libc++";
				CLANG_ENABLE_MODULES = YES;
				CLANG_ENABLE_OBJC_ARC = YES;
				CLANG_ENABLE_OBJC_WEAK = YES;
				CLANG_WARN_BLOCK_CAPTURE_AUTORELEASING = YES;
				CLANG_WARN_BOOL_CONVERSION = YES;
				CLANG_WARN_COMMA = YES;
				CLANG_WARN_CONSTANT_CONVERSION = YES;
				CLANG_WARN_DEPRECATED_OBJC_IMPLEMENTATIONS = YES;
				CLANG_WARN_DIRECT_OBJC_ISA_USAGE = YES_ERROR;
				CLANG_WARN_DOCUMENTATION_COMMENTS = YES;
				CLANG_WARN_EMPTY_BODY = YES;
				CLANG_WARN_ENUM_CONVERSION = YES;
				CLANG_WARN_INFINITE_RECURSION = YES;
				CLANG_WARN_INT_CONVERSION = YES;
				CLANG_WARN_NON_LITERAL_NULL_CONVERSION = YES;
				CLANG_WARN_OBJC_IMPLICIT_RETAIN_SELF = YES;
				CLANG_WARN_OBJC_LITERAL_CONVERSION = YES;
				CLANG_WARN_OBJC_ROOT_CLASS = YES_ERROR;
				CLANG_WARN_QUOTED_INCLUDE_IN_FRAMEWORK_HEADER = YES;
				CLANG_WARN_RANGE_LOOP_ANALYSIS = YES;
				CLANG_WARN_STRICT_PROTOTYPES = YES;
				CLANG_WARN_SUSPICIOUS_MOVE = YES;
				CLANG_WARN_UNGUARDED_AVAILABILITY = YES_AGGRESSIVE;
				CLANG_WARN_UNREACHABLE_CODE = YES;
				CLANG_WARN__DUPLICATE_METHOD_MATCH = YES;
				COPY_PHASE_STRIP = NO;
				DEBUG_INFORMATION_FORMAT = dwarf;
				ENABLE_STRICT_OBJC_MSGSEND = YES;
				ENABLE_TESTABILITY = YES;
				GCC_C_LANGUAGE_STANDARD = gnu11;
				GCC_DYNAMIC_NO_PIC = NO;
				GCC_NO_COMMON_BLOCKS = YES;
				GCC_OPTIMIZATION_LEVEL = 0;
				GCC_PREPROCESSOR_DEFINITIONS = (
					"DEBUG=1",
					"$(inherited)",
				);
				GCC_WARN_64_TO_32_BIT_CONVERSION = YES;
				GCC_WARN_ABOUT_RETURN_TYPE = YES_ERROR;
				GCC_WARN_UNDECLARED_SELECTOR = YES;
				GCC_WARN_UNINITIALIZED_AUTOS = YES_AGGRESSIVE;
				GCC_WARN_UNUSED_FUNCTION = YES;
				GCC_WARN_UNUSED_VARIABLE = YES;
				IPHONEOS_DEPLOYMENT_TARGET = 14.4;
				MTL_ENABLE_DEBUG_INFO = INCLUDE_SOURCE;
				MTL_FAST_MATH = YES;
				ONLY_ACTIVE_ARCH = YES;
				SDKROOT = iphoneos;
				SWIFT_ACTIVE_COMPILATION_CONDITIONS = DEBUG;
				SWIFT_OPTIMIZATION_LEVEL = "-Onone";
			};
			name = Debug;
		};
		7C8462F42615EA0000B38415 /* Release */ = {
			isa = XCBuildConfiguration;
			buildSettings = {
				ALWAYS_SEARCH_USER_PATHS = NO;
				CLANG_ANALYZER_NONNULL = YES;
				CLANG_ANALYZER_NUMBER_OBJECT_CONVERSION = YES_AGGRESSIVE;
				CLANG_CXX_LANGUAGE_STANDARD = "gnu++14";
				CLANG_CXX_LIBRARY = "libc++";
				CLANG_ENABLE_MODULES = YES;
				CLANG_ENABLE_OBJC_ARC = YES;
				CLANG_ENABLE_OBJC_WEAK = YES;
				CLANG_WARN_BLOCK_CAPTURE_AUTORELEASING = YES;
				CLANG_WARN_BOOL_CONVERSION = YES;
				CLANG_WARN_COMMA = YES;
				CLANG_WARN_CONSTANT_CONVERSION = YES;
				CLANG_WARN_DEPRECATED_OBJC_IMPLEMENTATIONS = YES;
				CLANG_WARN_DIRECT_OBJC_ISA_USAGE = YES_ERROR;
				CLANG_WARN_DOCUMENTATION_COMMENTS = YES;
				CLANG_WARN_EMPTY_BODY = YES;
				CLANG_WARN_ENUM_CONVERSION = YES;
				CLANG_WARN_INFINITE_RECURSION = YES;
				CLANG_WARN_INT_CONVERSION = YES;
				CLANG_WARN_NON_LITERAL_NULL_CONVERSION = YES;
				CLANG_WARN_OBJC_IMPLICIT_RETAIN_SELF = YES;
				CLANG_WARN_OBJC_LITERAL_CONVERSION = YES;
				CLANG_WARN_OBJC_ROOT_CLASS = YES_ERROR;
				CLANG_WARN_QUOTED_INCLUDE_IN_FRAMEWORK_HEADER = YES;
				CLANG_WARN_RANGE_LOOP_ANALYSIS = YES;
				CLANG_WARN_STRICT_PROTOTYPES = YES;
				CLANG_WARN_SUSPICIOUS_MOVE = YES;
				CLANG_WARN_UNGUARDED_AVAILABILITY = YES_AGGRESSIVE;
				CLANG_WARN_UNREACHABLE_CODE = YES;
				CLANG_WARN__DUPLICATE_METHOD_MATCH = YES;
				COPY_PHASE_STRIP = NO;
				DEBUG_INFORMATION_FORMAT = "dwarf-with-dsym";
				ENABLE_NS_ASSERTIONS = NO;
				ENABLE_STRICT_OBJC_MSGSEND = YES;
				GCC_C_LANGUAGE_STANDARD = gnu11;
				GCC_NO_COMMON_BLOCKS = YES;
				GCC_WARN_64_TO_32_BIT_CONVERSION = YES;
				GCC_WARN_ABOUT_RETURN_TYPE = YES_ERROR;
				GCC_WARN_UNDECLARED_SELECTOR = YES;
				GCC_WARN_UNINITIALIZED_AUTOS = YES_AGGRESSIVE;
				GCC_WARN_UNUSED_FUNCTION = YES;
				GCC_WARN_UNUSED_VARIABLE = YES;
				IPHONEOS_DEPLOYMENT_TARGET = 14.4;
				MTL_ENABLE_DEBUG_INFO = NO;
				MTL_FAST_MATH = YES;
				SDKROOT = iphoneos;
				SWIFT_COMPILATION_MODE = wholemodule;
				SWIFT_OPTIMIZATION_LEVEL = "-O";
				VALIDATE_PRODUCT = YES;
			};
			name = Release;
		};
		7C8462F62615EA0000B38415 /* Debug */ = {
			isa = XCBuildConfiguration;
			buildSettings = {
				ASSETCATALOG_COMPILER_APPICON_NAME = AppIcon;
				ASSETCATALOG_COMPILER_GLOBAL_ACCENT_COLOR_NAME = AccentColor;
				CODE_SIGN_STYLE = Automatic;
				DEVELOPMENT_TEAM = 47FU3Y4972;
				INFOPLIST_FILE = CryptoMinance/Info.plist;
				LD_RUNPATH_SEARCH_PATHS = (
					"$(inherited)",
					"@executable_path/Frameworks",
				);
				PRODUCT_BUNDLE_IDENTIFIER = com.mesutaygun.CryptoMinance;
				PRODUCT_NAME = "$(TARGET_NAME)";
				SWIFT_VERSION = 5.0;
				TARGETED_DEVICE_FAMILY = "1,2";
			};
			name = Debug;
		};
		7C8462F72615EA0000B38415 /* Release */ = {
			isa = XCBuildConfiguration;
			buildSettings = {
				ASSETCATALOG_COMPILER_APPICON_NAME = AppIcon;
				ASSETCATALOG_COMPILER_GLOBAL_ACCENT_COLOR_NAME = AccentColor;
				CODE_SIGN_STYLE = Automatic;
				DEVELOPMENT_TEAM = 47FU3Y4972;
				INFOPLIST_FILE = CryptoMinance/Info.plist;
				LD_RUNPATH_SEARCH_PATHS = (
					"$(inherited)",
					"@executable_path/Frameworks",
				);
				PRODUCT_BUNDLE_IDENTIFIER = com.mesutaygun.CryptoMinance;
				PRODUCT_NAME = "$(TARGET_NAME)";
				SWIFT_VERSION = 5.0;
				TARGETED_DEVICE_FAMILY = "1,2";
			};
			name = Release;
		};
/* End XCBuildConfiguration section */

/* Begin XCConfigurationList section */
		7C8462DC2615E9F900B38415 /* Build configuration list for PBXProject "CryptoMinance" */ = {
			isa = XCConfigurationList;
			buildConfigurations = (
				7C8462F32615EA0000B38415 /* Debug */,
				7C8462F42615EA0000B38415 /* Release */,
			);
			defaultConfigurationIsVisible = 0;
			defaultConfigurationName = Release;
		};
		7C8462F52615EA0000B38415 /* Build configuration list for PBXNativeTarget "CryptoMinance" */ = {
			isa = XCConfigurationList;
			buildConfigurations = (
				7C8462F62615EA0000B38415 /* Debug */,
				7C8462F72615EA0000B38415 /* Release */,
			);
			defaultConfigurationIsVisible = 0;
			defaultConfigurationName = Release;
		};
/* End XCConfigurationList section */
	};
	rootObject = 7C8462D92615E9F900B38415 /* Project object */;
}
